
Microsoft Visual Studio Solution File, Format Version 12.00
# Visual Studio 14
VisualStudioVersion = 14.0.25420.1
MinimumVisualStudioVersion = 10.0.40219.1
Project("{FAE04EC0-301F-11D3-BF4B-00C04F79EFBC}") = "jriappTS", "jriapp\jriappTS.csproj", "{1BF71F16-DB40-4BF1-A9BB-CF053FBD0F03}"
EndProject
Project("{FAE04EC0-301F-11D3-BF4B-00C04F79EFBC}") = "addinsTS", "addins\addinsTS.csproj", "{F9AEFF61-FEDF-4254-9DE9-286A2C6C4756}"
EndProject
Project("{2150E333-8FDC-42A3-9474-1A3956D46DE8}") = "thirdparty", "thirdparty", "{D1B8331F-35C1-4CAC-A4DB-1302957C43E1}"
	ProjectSection(SolutionItems) = preProject
		thirdparty\jquery.d.ts = thirdparty\jquery.d.ts
		thirdparty\jqueryui.d.ts = thirdparty\jqueryui.d.ts
		thirdparty\moment.d.ts = thirdparty\moment.d.ts
		thirdparty\qtip2.d.ts = thirdparty\qtip2.d.ts
	EndProjectSection
EndProject
Project("{FAE04EC0-301F-11D3-BF4B-00C04F79EFBC}") = "sharedTS", "shared\sharedTS.csproj", "{B72754C8-DAF4-4F8F-B880-AE4D8AEC911D}"
EndProject
Global
	GlobalSection(SolutionConfigurationPlatforms) = preSolution
		Debug|Android = Debug|Android
		Debug|Any CPU = Debug|Any CPU
		Debug|iOS = Debug|iOS
		Debug|Windows-ARM = Debug|Windows-ARM
		Debug|Windows-x64 = Debug|Windows-x64
		Debug|Windows-x86 = Debug|Windows-x86
		Release|Android = Release|Android
		Release|Any CPU = Release|Any CPU
		Release|iOS = Release|iOS
		Release|Windows-ARM = Release|Windows-ARM
		Release|Windows-x64 = Release|Windows-x64
		Release|Windows-x86 = Release|Windows-x86
	EndGlobalSection
	GlobalSection(ProjectConfigurationPlatforms) = postSolution
		{1BF71F16-DB40-4BF1-A9BB-CF053FBD0F03}.Debug|Android.ActiveCfg = Debug|Any CPU
		{1BF71F16-DB40-4BF1-A9BB-CF053FBD0F03}.Debug|Android.Build.0 = Debug|Any CPU
		{1BF71F16-DB40-4BF1-A9BB-CF053FBD0F03}.Debug|Any CPU.ActiveCfg = Debug|Any CPU
		{1BF71F16-DB40-4BF1-A9BB-CF053FBD0F03}.Debug|Any CPU.Build.0 = Debug|Any CPU
		{1BF71F16-DB40-4BF1-A9BB-CF053FBD0F03}.Debug|iOS.ActiveCfg = Debug|Any CPU
		{1BF71F16-DB40-4BF1-A9BB-CF053FBD0F03}.Debug|iOS.Build.0 = Debug|Any CPU
		{1BF71F16-DB40-4BF1-A9BB-CF053FBD0F03}.Debug|Windows-ARM.ActiveCfg = Debug|Any CPU
		{1BF71F16-DB40-4BF1-A9BB-CF053FBD0F03}.Debug|Windows-ARM.Build.0 = Debug|Any CPU
		{1BF71F16-DB40-4BF1-A9BB-CF053FBD0F03}.Debug|Windows-x64.ActiveCfg = Debug|Any CPU
		{1BF71F16-DB40-4BF1-A9BB-CF053FBD0F03}.Debug|Windows-x64.Build.0 = Debug|Any CPU
		{1BF71F16-DB40-4BF1-A9BB-CF053FBD0F03}.Debug|Windows-x86.ActiveCfg = Debug|Any CPU
		{1BF71F16-DB40-4BF1-A9BB-CF053FBD0F03}.Debug|Windows-x86.Build.0 = Debug|Any CPU
		{1BF71F16-DB40-4BF1-A9BB-CF053FBD0F03}.Release|Android.ActiveCfg = Release|Any CPU
		{1BF71F16-DB40-4BF1-A9BB-CF053FBD0F03}.Release|Android.Build.0 = Release|Any CPU
		{1BF71F16-DB40-4BF1-A9BB-CF053FBD0F03}.Release|Any CPU.ActiveCfg = Release|Any CPU
		{1BF71F16-DB40-4BF1-A9BB-CF053FBD0F03}.Release|Any CPU.Build.0 = Release|Any CPU
		{1BF71F16-DB40-4BF1-A9BB-CF053FBD0F03}.Release|iOS.ActiveCfg = Release|Any CPU
		{1BF71F16-DB40-4BF1-A9BB-CF053FBD0F03}.Release|iOS.Build.0 = Release|Any CPU
		{1BF71F16-DB40-4BF1-A9BB-CF053FBD0F03}.Release|Windows-ARM.ActiveCfg = Release|Any CPU
		{1BF71F16-DB40-4BF1-A9BB-CF053FBD0F03}.Release|Windows-ARM.Build.0 = Release|Any CPU
		{1BF71F16-DB40-4BF1-A9BB-CF053FBD0F03}.Release|Windows-x64.ActiveCfg = Release|Any CPU
		{1BF71F16-DB40-4BF1-A9BB-CF053FBD0F03}.Release|Windows-x64.Build.0 = Release|Any CPU
		{1BF71F16-DB40-4BF1-A9BB-CF053FBD0F03}.Release|Windows-x86.ActiveCfg = Release|Any CPU
		{1BF71F16-DB40-4BF1-A9BB-CF053FBD0F03}.Release|Windows-x86.Build.0 = Release|Any CPU
		{F9AEFF61-FEDF-4254-9DE9-286A2C6C4756}.Debug|Android.ActiveCfg = Debug|Any CPU
		{F9AEFF61-FEDF-4254-9DE9-286A2C6C4756}.Debug|Android.Build.0 = Debug|Any CPU
		{F9AEFF61-FEDF-4254-9DE9-286A2C6C4756}.Debug|Any CPU.ActiveCfg = Debug|Any CPU
		{F9AEFF61-FEDF-4254-9DE9-286A2C6C4756}.Debug|Any CPU.Build.0 = Debug|Any CPU
		{F9AEFF61-FEDF-4254-9DE9-286A2C6C4756}.Debug|iOS.ActiveCfg = Debug|Any CPU
		{F9AEFF61-FEDF-4254-9DE9-286A2C6C4756}.Debug|iOS.Build.0 = Debug|Any CPU
		{F9AEFF61-FEDF-4254-9DE9-286A2C6C4756}.Debug|Windows-ARM.ActiveCfg = Debug|Any CPU
		{F9AEFF61-FEDF-4254-9DE9-286A2C6C4756}.Debug|Windows-ARM.Build.0 = Debug|Any CPU
		{F9AEFF61-FEDF-4254-9DE9-286A2C6C4756}.Debug|Windows-x64.ActiveCfg = Debug|Any CPU
		{F9AEFF61-FEDF-4254-9DE9-286A2C6C4756}.Debug|Windows-x64.Build.0 = Debug|Any CPU
		{F9AEFF61-FEDF-4254-9DE9-286A2C6C4756}.Debug|Windows-x86.ActiveCfg = Debug|Any CPU
		{F9AEFF61-FEDF-4254-9DE9-286A2C6C4756}.Debug|Windows-x86.Build.0 = Debug|Any CPU
		{F9AEFF61-FEDF-4254-9DE9-286A2C6C4756}.Release|Android.ActiveCfg = Release|Any CPU
		{F9AEFF61-FEDF-4254-9DE9-286A2C6C4756}.Release|Android.Build.0 = Release|Any CPU
		{F9AEFF61-FEDF-4254-9DE9-286A2C6C4756}.Release|Any CPU.ActiveCfg = Release|Any CPU
		{F9AEFF61-FEDF-4254-9DE9-286A2C6C4756}.Release|Any CPU.Build.0 = Release|Any CPU
		{F9AEFF61-FEDF-4254-9DE9-286A2C6C4756}.Release|iOS.ActiveCfg = Release|Any CPU
		{F9AEFF61-FEDF-4254-9DE9-286A2C6C4756}.Release|iOS.Build.0 = Release|Any CPU
		{F9AEFF61-FEDF-4254-9DE9-286A2C6C4756}.Release|Windows-ARM.ActiveCfg = Release|Any CPU
		{F9AEFF61-FEDF-4254-9DE9-286A2C6C4756}.Release|Windows-ARM.Build.0 = Release|Any CPU
		{F9AEFF61-FEDF-4254-9DE9-286A2C6C4756}.Release|Windows-x64.ActiveCfg = Release|Any CPU
		{F9AEFF61-FEDF-4254-9DE9-286A2C6C4756}.Release|Windows-x64.Build.0 = Release|Any CPU
		{F9AEFF61-FEDF-4254-9DE9-286A2C6C4756}.Release|Windows-x86.ActiveCfg = Release|Any CPU
		{F9AEFF61-FEDF-4254-9DE9-286A2C6C4756}.Release|Windows-x86.Build.0 = Release|Any CPU
		{B72754C8-DAF4-4F8F-B880-AE4D8AEC911D}.Debug|Android.ActiveCfg = Debug|Any CPU
		{B72754C8-DAF4-4F8F-B880-AE4D8AEC911D}.Debug|Android.Build.0 = Debug|Any CPU
		{B72754C8-DAF4-4F8F-B880-AE4D8AEC911D}.Debug|Any CPU.ActiveCfg = Debug|Any CPU
		{B72754C8-DAF4-4F8F-B880-AE4D8AEC911D}.Debug|Any CPU.Build.0 = Debug|Any CPU
		{B72754C8-DAF4-4F8F-B880-AE4D8AEC911D}.Debug|iOS.ActiveCfg = Debug|Any CPU
		{B72754C8-DAF4-4F8F-B880-AE4D8AEC911D}.Debug|iOS.Build.0 = Debug|Any CPU
		{B72754C8-DAF4-4F8F-B880-AE4D8AEC911D}.Debug|Windows-ARM.ActiveCfg = Debug|Any CPU
		{B72754C8-DAF4-4F8F-B880-AE4D8AEC911D}.Debug|Windows-ARM.Build.0 = Debug|Any CPU
		{B72754C8-DAF4-4F8F-B880-AE4D8AEC911D}.Debug|Windows-x64.ActiveCfg = Debug|Any CPU
		{B72754C8-DAF4-4F8F-B880-AE4D8AEC911D}.Debug|Windows-x64.Build.0 = Debug|Any CPU
		{B72754C8-DAF4-4F8F-B880-AE4D8AEC911D}.Debug|Windows-x86.ActiveCfg = Debug|Any CPU
		{B72754C8-DAF4-4F8F-B880-AE4D8AEC911D}.Debug|Windows-x86.Build.0 = Debug|Any CPU
		{B72754C8-DAF4-4F8F-B880-AE4D8AEC911D}.Release|Android.ActiveCfg = Release|Any CPU
		{B72754C8-DAF4-4F8F-B880-AE4D8AEC911D}.Release|Android.Build.0 = Release|Any CPU
		{B72754C8-DAF4-4F8F-B880-AE4D8AEC911D}.Release|Any CPU.ActiveCfg = Release|Any CPU
		{B72754C8-DAF4-4F8F-B880-AE4D8AEC911D}.Release|Any CPU.Build.0 = Release|Any CPU
		{B72754C8-DAF4-4F8F-B880-AE4D8AEC911D}.Release|iOS.ActiveCfg = Release|Any CPU
		{B72754C8-DAF4-4F8F-B880-AE4D8AEC911D}.Release|iOS.Build.0 = Release|Any CPU
		{B72754C8-DAF4-4F8F-B880-AE4D8AEC911D}.Release|Windows-ARM.ActiveCfg = Release|Any CPU
		{B72754C8-DAF4-4F8F-B880-AE4D8AEC911D}.Release|Windows-ARM.Build.0 = Release|Any CPU
		{B72754C8-DAF4-4F8F-B880-AE4D8AEC911D}.Release|Windows-x64.ActiveCfg = Release|Any CPU
		{B72754C8-DAF4-4F8F-B880-AE4D8AEC911D}.Release|Windows-x64.Build.0 = Release|Any CPU
		{B72754C8-DAF4-4F8F-B880-AE4D8AEC911D}.Release|Windows-x86.ActiveCfg = Release|Any CPU
		{B72754C8-DAF4-4F8F-B880-AE4D8AEC911D}.Release|Windows-x86.Build.0 = Release|Any CPU
	EndGlobalSection
	GlobalSection(SolutionProperties) = preSolution
		HideSolutionNode = FALSE
	EndGlobalSection
EndGlobal
