
Microsoft Visual Studio Solution File, Format Version 12.00
# Visual Studio Version 16
VisualStudioVersion = 16.0.29324.140
MinimumVisualStudioVersion = 10.0.40219.1
Project("{9A19103F-16F7-4668-BE54-9A1E7A4F7556}") = "RIAPP.DataService", "..\..\FRAMEWORK\SERVER\RIAPP.DataService\RIAPP.DataService.csproj", "{5FA08D23-6BAE-47AD-930B-A11EAFFF11DC}"
EndProject
Project("{9A19103F-16F7-4668-BE54-9A1E7A4F7556}") = "RIAPP.DataService.EFCore", "..\..\FRAMEWORK\SERVER\RIAPP.DataService.EFCore\RIAPP.DataService.EFCore.csproj", "{F2D57C21-25EF-4D64-96A3-A18EE20C77E4}"
EndProject
Project("{9A19103F-16F7-4668-BE54-9A1E7A4F7556}") = "RIAppDemo.DAL", "RIAppDemo.DAL\RIAppDemo.DAL.csproj", "{E1BCA0A5-1218-4B4A-95B2-230327E5DCB0}"
EndProject
Project("{9A19103F-16F7-4668-BE54-9A1E7A4F7556}") = "RIAppDemo.BLL", "RIAppDemo.BLL\RIAppDemo.BLL.csproj", "{E8482B80-A29E-44CF-9AA4-9E74C8D39B05}"
EndProject
Project("{9A19103F-16F7-4668-BE54-9A1E7A4F7556}") = "RIAppDemo", "RIAppDemo\RIAppDemo.csproj", "{D34B3C95-081F-47A3-91CC-AB6B0C504FC5}"
EndProject
Project("{9A19103F-16F7-4668-BE54-9A1E7A4F7556}") = "Extensions.Logging.RollingFile", "Extensions.Logging.RollingFile\Extensions.Logging.RollingFile.csproj", "{9E00862A-0A5A-4FAE-8195-FD5D005C544B}"
EndProject
Global
	GlobalSection(SolutionConfigurationPlatforms) = preSolution
		Debug|Any CPU = Debug|Any CPU
		Release|Any CPU = Release|Any CPU
	EndGlobalSection
	GlobalSection(ProjectConfigurationPlatforms) = postSolution
		{5FA08D23-6BAE-47AD-930B-A11EAFFF11DC}.Debug|Any CPU.ActiveCfg = Debug|Any CPU
		{5FA08D23-6BAE-47AD-930B-A11EAFFF11DC}.Debug|Any CPU.Build.0 = Debug|Any CPU
		{5FA08D23-6BAE-47AD-930B-A11EAFFF11DC}.Release|Any CPU.ActiveCfg = Release|Any CPU
		{5FA08D23-6BAE-47AD-930B-A11EAFFF11DC}.Release|Any CPU.Build.0 = Release|Any CPU
		{F2D57C21-25EF-4D64-96A3-A18EE20C77E4}.Debug|Any CPU.ActiveCfg = Debug|Any CPU
		{F2D57C21-25EF-4D64-96A3-A18EE20C77E4}.Debug|Any CPU.Build.0 = Debug|Any CPU
		{F2D57C21-25EF-4D64-96A3-A18EE20C77E4}.Release|Any CPU.ActiveCfg = Release|Any CPU
		{F2D57C21-25EF-4D64-96A3-A18EE20C77E4}.Release|Any CPU.Build.0 = Release|Any CPU
		{E1BCA0A5-1218-4B4A-95B2-230327E5DCB0}.Debug|Any CPU.ActiveCfg = Debug|Any CPU
		{E1BCA0A5-1218-4B4A-95B2-230327E5DCB0}.Debug|Any CPU.Build.0 = Debug|Any CPU
		{E1BCA0A5-1218-4B4A-95B2-230327E5DCB0}.Release|Any CPU.ActiveCfg = Release|Any CPU
		{E1BCA0A5-1218-4B4A-95B2-230327E5DCB0}.Release|Any CPU.Build.0 = Release|Any CPU
		{E8482B80-A29E-44CF-9AA4-9E74C8D39B05}.Debug|Any CPU.ActiveCfg = Debug|Any CPU
		{E8482B80-A29E-44CF-9AA4-9E74C8D39B05}.Debug|Any CPU.Build.0 = Debug|Any CPU
		{E8482B80-A29E-44CF-9AA4-9E74C8D39B05}.Release|Any CPU.ActiveCfg = Release|Any CPU
		{E8482B80-A29E-44CF-9AA4-9E74C8D39B05}.Release|Any CPU.Build.0 = Release|Any CPU
		{D34B3C95-081F-47A3-91CC-AB6B0C504FC5}.Debug|Any CPU.ActiveCfg = Debug|Any CPU
		{D34B3C95-081F-47A3-91CC-AB6B0C504FC5}.Debug|Any CPU.Build.0 = Debug|Any CPU
		{D34B3C95-081F-47A3-91CC-AB6B0C504FC5}.Release|Any CPU.ActiveCfg = Release|Any CPU
		{D34B3C95-081F-47A3-91CC-AB6B0C504FC5}.Release|Any CPU.Build.0 = Release|Any CPU
		{9E00862A-0A5A-4FAE-8195-FD5D005C544B}.Debug|Any CPU.ActiveCfg = Debug|Any CPU
		{9E00862A-0A5A-4FAE-8195-FD5D005C544B}.Debug|Any CPU.Build.0 = Debug|Any CPU
		{9E00862A-0A5A-4FAE-8195-FD5D005C544B}.Release|Any CPU.ActiveCfg = Release|Any CPU
		{9E00862A-0A5A-4FAE-8195-FD5D005C544B}.Release|Any CPU.Build.0 = Release|Any CPU
	EndGlobalSection
	GlobalSection(SolutionProperties) = preSolution
		HideSolutionNode = FALSE
	EndGlobalSection
	GlobalSection(ExtensibilityGlobals) = postSolution
		SolutionGuid = {A71CA8D9-4CC4-442E-950A-7D9C3753C08C}
	EndGlobalSection
EndGlobal
